
Microsoft Visual Studio Solution File, Format Version 12.00
# Visual Studio 15
VisualStudioVersion = 15.0.28307.421
MinimumVisualStudioVersion = 10.0.40219.1
Project("{888888A0-9F3D-457C-B088-3A5042F75D52}") = "RLearn", "RLearn.pyproj", "{86E25FC2-DDED-416F-85B9-46C576C65969}"
EndProject
Global
	GlobalSection(SolutionConfigurationPlatforms) = preSolution
		Debug|Any CPU = Debug|Any CPU
		Release|Any CPU = Release|Any CPU
	EndGlobalSection
	GlobalSection(ProjectConfigurationPlatforms) = postSolution
		{86E25FC2-DDED-416F-85B9-46C576C65969}.Debug|Any CPU.ActiveCfg = Debug|Any CPU
		{86E25FC2-DDED-416F-85B9-46C576C65969}.Release|Any CPU.ActiveCfg = Release|Any CPU
	EndGlobalSection
	GlobalSection(SolutionProperties) = preSolution
		HideSolutionNode = FALSE
	EndGlobalSection
	GlobalSection(ExtensibilityGlobals) = postSolution
		SolutionGuid = {A41C2EBF-4D76-41C2-B0CD-A932EBF09506}
	EndGlobalSection
EndGlobal
